// !$*UTF8*$!
{
	archiveVersion = 1;
	classes = {
	};
	objectVersion = 55;
	objects = {

/* Begin PBXBuildFile section */
		F60FFF422966E613008A3472 /* DataModel.swift in Sources */ = {isa = PBXBuildFile; fileRef = F60FFF412966E613008A3472 /* DataModel.swift */; };
		F626A7AD295CA83400F0EC05 /* AppDelegate.swift in Sources */ = {isa = PBXBuildFile; fileRef = F626A7AC295CA83400F0EC05 /* AppDelegate.swift */; };
		F626A7AF295CA83400F0EC05 /* SceneDelegate.swift in Sources */ = {isa = PBXBuildFile; fileRef = F626A7AE295CA83400F0EC05 /* SceneDelegate.swift */; };
		F626A7B1295CA83400F0EC05 /* ChecklistViewController.swift in Sources */ = {isa = PBXBuildFile; fileRef = F626A7B0295CA83400F0EC05 /* ChecklistViewController.swift */; };
		F626A7B4295CA83400F0EC05 /* Main.storyboard in Resources */ = {isa = PBXBuildFile; fileRef = F626A7B2295CA83400F0EC05 /* Main.storyboard */; };
		F626A7B6295CA83D00F0EC05 /* Assets.xcassets in Resources */ = {isa = PBXBuildFile; fileRef = F626A7B5295CA83D00F0EC05 /* Assets.xcassets */; };
		F626A7B9295CA83D00F0EC05 /* LaunchScreen.storyboard in Resources */ = {isa = PBXBuildFile; fileRef = F626A7B7295CA83D00F0EC05 /* LaunchScreen.storyboard */; };
		F626A7C2295DDED000F0EC05 /* CheckListItem.swift in Sources */ = {isa = PBXBuildFile; fileRef = F626A7C1295DDED000F0EC05 /* CheckListItem.swift */; };
		F62F7E152965B04000F4683F /* AllListsViewController.swift in Sources */ = {isa = PBXBuildFile; fileRef = F62F7E142965B04000F4683F /* AllListsViewController.swift */; };
		F62F7E172965C02D00F4683F /* Checklist.swift in Sources */ = {isa = PBXBuildFile; fileRef = F62F7E162965C02D00F4683F /* Checklist.swift */; };
		F62F7E192965D1E900F4683F /* ListDetailViewController.swift in Sources */ = {isa = PBXBuildFile; fileRef = F62F7E182965D1E800F4683F /* ListDetailViewController.swift */; };
		F6A12D39296302C5006BC554 /* AddItemViewController.swift in Sources */ = {isa = PBXBuildFile; fileRef = F6A12D38296302C5006BC554 /* AddItemViewController.swift */; };
/* End PBXBuildFile section */

/* Begin PBXFileReference section */
		F60FFF412966E613008A3472 /* DataModel.swift */ = {isa = PBXFileReference; lastKnownFileType = sourcecode.swift; path = DataModel.swift; sourceTree = "<group>"; };
		F626A7A9295CA83400F0EC05 /* CheckList.app */ = {isa = PBXFileReference; explicitFileType = wrapper.application; includeInIndex = 0; path = CheckList.app; sourceTree = BUILT_PRODUCTS_DIR; };
		F626A7AC295CA83400F0EC05 /* AppDelegate.swift */ = {isa = PBXFileReference; lastKnownFileType = sourcecode.swift; path = AppDelegate.swift; sourceTree = "<group>"; };
		F626A7AE295CA83400F0EC05 /* SceneDelegate.swift */ = {isa = PBXFileReference; lastKnownFileType = sourcecode.swift; path = SceneDelegate.swift; sourceTree = "<group>"; };
		F626A7B0295CA83400F0EC05 /* ChecklistViewController.swift */ = {isa = PBXFileReference; lastKnownFileType = sourcecode.swift; path = ChecklistViewController.swift; sourceTree = "<group>"; };
		F626A7B3295CA83400F0EC05 /* Base */ = {isa = PBXFileReference; lastKnownFileType = file.storyboard; name = Base; path = Base.lproj/Main.storyboard; sourceTree = "<group>"; };
		F626A7B5295CA83D00F0EC05 /* Assets.xcassets */ = {isa = PBXFileReference; lastKnownFileType = folder.assetcatalog; path = Assets.xcassets; sourceTree = "<group>"; };
		F626A7B8295CA83D00F0EC05 /* Base */ = {isa = PBXFileReference; lastKnownFileType = file.storyboard; name = Base; path = Base.lproj/LaunchScreen.storyboard; sourceTree = "<group>"; };
		F626A7BA295CA83D00F0EC05 /* Info.plist */ = {isa = PBXFileReference; lastKnownFileType = text.plist.xml; path = Info.plist; sourceTree = "<group>"; };
		F626A7C1295DDED000F0EC05 /* CheckListItem.swift */ = {isa = PBXFileReference; lastKnownFileType = sourcecode.swift; path = CheckListItem.swift; sourceTree = "<group>"; };
		F62F7E142965B04000F4683F /* AllListsViewController.swift */ = {isa = PBXFileReference; lastKnownFileType = sourcecode.swift; path = AllListsViewController.swift; sourceTree = "<group>"; };
		F62F7E162965C02D00F4683F /* Checklist.swift */ = {isa = PBXFileReference; lastKnownFileType = sourcecode.swift; path = Checklist.swift; sourceTree = "<group>"; };
		F62F7E182965D1E800F4683F /* ListDetailViewController.swift */ = {isa = PBXFileReference; lastKnownFileType = sourcecode.swift; path = ListDetailViewController.swift; sourceTree = "<group>"; };
		F6A12D38296302C5006BC554 /* AddItemViewController.swift */ = {isa = PBXFileReference; lastKnownFileType = sourcecode.swift; path = AddItemViewController.swift; sourceTree = "<group>"; };
/* End PBXFileReference section */

/* Begin PBXFrameworksBuildPhase section */
		F626A7A6295CA83400F0EC05 /* Frameworks */ = {
			isa = PBXFrameworksBuildPhase;
			buildActionMask = 2147483647;
			files = (
			);
			runOnlyForDeploymentPostprocessing = 0;
		};
/* End PBXFrameworksBuildPhase section */

/* Begin PBXGroup section */
		F626A7A0295CA83400F0EC05 = {
			isa = PBXGroup;
			children = (
				F626A7AB295CA83400F0EC05 /* CheckList */,
				F626A7AA295CA83400F0EC05 /* Products */,
			);
			sourceTree = "<group>";
		};
		F626A7AA295CA83400F0EC05 /* Products */ = {
			isa = PBXGroup;
			children = (
				F626A7A9295CA83400F0EC05 /* CheckList.app */,
			);
			name = Products;
			sourceTree = "<group>";
		};
		F626A7AB295CA83400F0EC05 /* CheckList */ = {
			isa = PBXGroup;
			children = (
				F626A7AC295CA83400F0EC05 /* AppDelegate.swift */,
				F626A7AE295CA83400F0EC05 /* SceneDelegate.swift */,
				F60FFF412966E613008A3472 /* DataModel.swift */,
				F626A7B2295CA83400F0EC05 /* Main.storyboard */,
				F62F7E1A2965D1F000F4683F /* AllLists */,
				F626A7C0295CA9A500F0EC05 /* ChecklistTableViewController */,
				F626A7B5295CA83D00F0EC05 /* Assets.xcassets */,
				F626A7B7295CA83D00F0EC05 /* LaunchScreen.storyboard */,
				F626A7BA295CA83D00F0EC05 /* Info.plist */,
			);
			path = CheckList;
			sourceTree = "<group>";
		};
		F626A7C0295CA9A500F0EC05 /* ChecklistTableViewController */ = {
			isa = PBXGroup;
			children = (
				F626A7B0295CA83400F0EC05 /* ChecklistViewController.swift */,
				F6A12D38296302C5006BC554 /* AddItemViewController.swift */,
				F626A7C1295DDED000F0EC05 /* CheckListItem.swift */,
			);
			path = ChecklistTableViewController;
			sourceTree = "<group>";
		};
		F62F7E1A2965D1F000F4683F /* AllLists */ = {
			isa = PBXGroup;
			children = (
				F62F7E142965B04000F4683F /* AllListsViewController.swift */,
				F62F7E182965D1E800F4683F /* ListDetailViewController.swift */,
				F62F7E162965C02D00F4683F /* Checklist.swift */,
			);
			path = AllLists;
			sourceTree = "<group>";
		};
/* End PBXGroup section */

/* Begin PBXNativeTarget section */
		F626A7A8295CA83400F0EC05 /* CheckList */ = {
			isa = PBXNativeTarget;
			buildConfigurationList = F626A7BD295CA83D00F0EC05 /* Build configuration list for PBXNativeTarget "CheckList" */;
			buildPhases = (
				F626A7A5295CA83400F0EC05 /* Sources */,
				F626A7A6295CA83400F0EC05 /* Frameworks */,
				F626A7A7295CA83400F0EC05 /* Resources */,
			);
			buildRules = (
			);
			dependencies = (
			);
			name = CheckList;
			productName = CheckList;
			productReference = F626A7A9295CA83400F0EC05 /* CheckList.app */;
			productType = "com.apple.product-type.application";
		};
/* End PBXNativeTarget section */

/* Begin PBXProject section */
		F626A7A1295CA83400F0EC05 /* Project object */ = {
			isa = PBXProject;
			attributes = {
				BuildIndependentTargetsInParallel = 1;
				LastSwiftUpdateCheck = 1320;
				LastUpgradeCheck = 1320;
				TargetAttributes = {
					F626A7A8295CA83400F0EC05 = {
						CreatedOnToolsVersion = 13.2.1;
					};
				};
			};
			buildConfigurationList = F626A7A4295CA83400F0EC05 /* Build configuration list for PBXProject "CheckList" */;
			compatibilityVersion = "Xcode 13.0";
			developmentRegion = en;
			hasScannedForEncodings = 0;
			knownRegions = (
				en,
				Base,
			);
			mainGroup = F626A7A0295CA83400F0EC05;
			productRefGroup = F626A7AA295CA83400F0EC05 /* Products */;
			projectDirPath = "";
			projectRoot = "";
			targets = (
				F626A7A8295CA83400F0EC05 /* CheckList */,
			);
		};
/* End PBXProject section */

/* Begin PBXResourcesBuildPhase section */
		F626A7A7295CA83400F0EC05 /* Resources */ = {
			isa = PBXResourcesBuildPhase;
			buildActionMask = 2147483647;
			files = (
				F626A7B9295CA83D00F0EC05 /* LaunchScreen.storyboard in Resources */,
				F626A7B6295CA83D00F0EC05 /* Assets.xcassets in Resources */,
				F626A7B4295CA83400F0EC05 /* Main.storyboard in Resources */,
			);
			runOnlyForDeploymentPostprocessing = 0;
		};
/* End PBXResourcesBuildPhase section */

/* Begin PBXSourcesBuildPhase section */
		F626A7A5295CA83400F0EC05 /* Sources */ = {
			isa = PBXSourcesBuildPhase;
			buildActionMask = 2147483647;
			files = (
				F6A12D39296302C5006BC554 /* AddItemViewController.swift in Sources */,
				F626A7B1295CA83400F0EC05 /* ChecklistViewController.swift in Sources */,
				F62F7E152965B04000F4683F /* AllListsViewController.swift in Sources */,
				F626A7AD295CA83400F0EC05 /* AppDelegate.swift in Sources */,
				F626A7AF295CA83400F0EC05 /* SceneDelegate.swift in Sources */,
				F626A7C2295DDED000F0EC05 /* CheckListItem.swift in Sources */,
				F62F7E172965C02D00F4683F /* Checklist.swift in Sources */,
				F62F7E192965D1E900F4683F /* ListDetailViewController.swift in Sources */,
				F60FFF422966E613008A3472 /* DataModel.swift in Sources */,
			);
			runOnlyForDeploymentPostprocessing = 0;
		};
/* End PBXSourcesBuildPhase section */

/* Begin PBXVariantGroup section */
		F626A7B2295CA83400F0EC05 /* Main.storyboard */ = {
			isa = PBXVariantGroup;
			children = (
				F626A7B3295CA83400F0EC05 /* Base */,
			);
			name = Main.storyboard;
			sourceTree = "<group>";
		};
		F626A7B7295CA83D00F0EC05 /* LaunchScreen.storyboard */ = {
			isa = PBXVariantGroup;
			children = (
				F626A7B8295CA83D00F0EC05 /* Base */,
			);
			name = LaunchScreen.storyboard;
			sourceTree = "<group>";
		};
/* End PBXVariantGroup section */

/* Begin XCBuildConfiguration section */
		F626A7BB295CA83D00F0EC05 /* Debug */ = {
			isa = XCBuildConfiguration;
			buildSettings = {
				ALWAYS_SEARCH_USER_PATHS = NO;
				CLANG_ANALYZER_NONNULL = YES;
				CLANG_ANALYZER_NUMBER_OBJECT_CONVERSION = YES_AGGRESSIVE;
				CLANG_CXX_LANGUAGE_STANDARD = "gnu++17";
				CLANG_CXX_LIBRARY = "libc++";
				CLANG_ENABLE_MODULES = YES;
				CLANG_ENABLE_OBJC_ARC = YES;
				CLANG_ENABLE_OBJC_WEAK = YES;
				CLANG_WARN_BLOCK_CAPTURE_AUTORELEASING = YES;
				CLANG_WARN_BOOL_CONVERSION = YES;
				CLANG_WARN_COMMA = YES;
				CLANG_WARN_CONSTANT_CONVERSION = YES;
				CLANG_WARN_DEPRECATED_OBJC_IMPLEMENTATIONS = YES;
				CLANG_WARN_DIRECT_OBJC_ISA_USAGE = YES_ERROR;
				CLANG_WARN_DOCUMENTATION_COMMENTS = YES;
				CLANG_WARN_EMPTY_BODY = YES;
				CLANG_WARN_ENUM_CONVERSION = YES;
				CLANG_WARN_INFINITE_RECURSION = YES;
				CLANG_WARN_INT_CONVERSION = YES;
				CLANG_WARN_NON_LITERAL_NULL_CONVERSION = YES;
				CLANG_WARN_OBJC_IMPLICIT_RETAIN_SELF = YES;
				CLANG_WARN_OBJC_LITERAL_CONVERSION = YES;
				CLANG_WARN_OBJC_ROOT_CLASS = YES_ERROR;
				CLANG_WARN_QUOTED_INCLUDE_IN_FRAMEWORK_HEADER = YES;
				CLANG_WARN_RANGE_LOOP_ANALYSIS = YES;
				CLANG_WARN_STRICT_PROTOTYPES = YES;
				CLANG_WARN_SUSPICIOUS_MOVE = YES;
				CLANG_WARN_UNGUARDED_AVAILABILITY = YES_AGGRESSIVE;
				CLANG_WARN_UNREACHABLE_CODE = YES;
				CLANG_WARN__DUPLICATE_METHOD_MATCH = YES;
				COPY_PHASE_STRIP = NO;
				DEBUG_INFORMATION_FORMAT = dwarf;
				ENABLE_STRICT_OBJC_MSGSEND = YES;
				ENABLE_TESTABILITY = YES;
				GCC_C_LANGUAGE_STANDARD = gnu11;
				GCC_DYNAMIC_NO_PIC = NO;
				GCC_NO_COMMON_BLOCKS = YES;
				GCC_OPTIMIZATION_LEVEL = 0;
				GCC_PREPROCESSOR_DEFINITIONS = (
					"DEBUG=1",
					"$(inherited)",
				);
				GCC_WARN_64_TO_32_BIT_CONVERSION = YES;
				GCC_WARN_ABOUT_RETURN_TYPE = YES_ERROR;
				GCC_WARN_UNDECLARED_SELECTOR = YES;
				GCC_WARN_UNINITIALIZED_AUTOS = YES_AGGRESSIVE;
				GCC_WARN_UNUSED_FUNCTION = YES;
				GCC_WARN_UNUSED_VARIABLE = YES;
				IPHONEOS_DEPLOYMENT_TARGET = 15.2;
				MTL_ENABLE_DEBUG_INFO = INCLUDE_SOURCE;
				MTL_FAST_MATH = YES;
				ONLY_ACTIVE_ARCH = YES;
				SDKROOT = iphoneos;
				SWIFT_ACTIVE_COMPILATION_CONDITIONS = DEBUG;
				SWIFT_OPTIMIZATION_LEVEL = "-Onone";
			};
			name = Debug;
		};
		F626A7BC295CA83D00F0EC05 /* Release */ = {
			isa = XCBuildConfiguration;
			buildSettings = {
				ALWAYS_SEARCH_USER_PATHS = NO;
				CLANG_ANALYZER_NONNULL = YES;
				CLANG_ANALYZER_NUMBER_OBJECT_CONVERSION = YES_AGGRESSIVE;
				CLANG_CXX_LANGUAGE_STANDARD = "gnu++17";
				CLANG_CXX_LIBRARY = "libc++";
				CLANG_ENABLE_MODULES = YES;
				CLANG_ENABLE_OBJC_ARC = YES;
				CLANG_ENABLE_OBJC_WEAK = YES;
				CLANG_WARN_BLOCK_CAPTURE_AUTORELEASING = YES;
				CLANG_WARN_BOOL_CONVERSION = YES;
				CLANG_WARN_COMMA = YES;
				CLANG_WARN_CONSTANT_CONVERSION = YES;
				CLANG_WARN_DEPRECATED_OBJC_IMPLEMENTATIONS = YES;
				CLANG_WARN_DIRECT_OBJC_ISA_USAGE = YES_ERROR;
				CLANG_WARN_DOCUMENTATION_COMMENTS = YES;
				CLANG_WARN_EMPTY_BODY = YES;
				CLANG_WARN_ENUM_CONVERSION = YES;
				CLANG_WARN_INFINITE_RECURSION = YES;
				CLANG_WARN_INT_CONVERSION = YES;
				CLANG_WARN_NON_LITERAL_NULL_CONVERSION = YES;
				CLANG_WARN_OBJC_IMPLICIT_RETAIN_SELF = YES;
				CLANG_WARN_OBJC_LITERAL_CONVERSION = YES;
				CLANG_WARN_OBJC_ROOT_CLASS = YES_ERROR;
				CLANG_WARN_QUOTED_INCLUDE_IN_FRAMEWORK_HEADER = YES;
				CLANG_WARN_RANGE_LOOP_ANALYSIS = YES;
				CLANG_WARN_STRICT_PROTOTYPES = YES;
				CLANG_WARN_SUSPICIOUS_MOVE = YES;
				CLANG_WARN_UNGUARDED_AVAILABILITY = YES_AGGRESSIVE;
				CLANG_WARN_UNREACHABLE_CODE = YES;
				CLANG_WARN__DUPLICATE_METHOD_MATCH = YES;
				COPY_PHASE_STRIP = NO;
				DEBUG_INFORMATION_FORMAT = "dwarf-with-dsym";
				ENABLE_NS_ASSERTIONS = NO;
				ENABLE_STRICT_OBJC_MSGSEND = YES;
				GCC_C_LANGUAGE_STANDARD = gnu11;
				GCC_NO_COMMON_BLOCKS = YES;
				GCC_WARN_64_TO_32_BIT_CONVERSION = YES;
				GCC_WARN_ABOUT_RETURN_TYPE = YES_ERROR;
				GCC_WARN_UNDECLARED_SELECTOR = YES;
				GCC_WARN_UNINITIALIZED_AUTOS = YES_AGGRESSIVE;
				GCC_WARN_UNUSED_FUNCTION = YES;
				GCC_WARN_UNUSED_VARIABLE = YES;
				IPHONEOS_DEPLOYMENT_TARGET = 15.2;
				MTL_ENABLE_DEBUG_INFO = NO;
				MTL_FAST_MATH = YES;
				SDKROOT = iphoneos;
				SWIFT_COMPILATION_MODE = wholemodule;
				SWIFT_OPTIMIZATION_LEVEL = "-O";
				VALIDATE_PRODUCT = YES;
			};
			name = Release;
		};
		F626A7BE295CA83D00F0EC05 /* Debug */ = {
			isa = XCBuildConfiguration;
			buildSettings = {
				ASSETCATALOG_COMPILER_APPICON_NAME = AppIcon;
				ASSETCATALOG_COMPILER_GLOBAL_ACCENT_COLOR_NAME = AccentColor;
				CODE_SIGN_STYLE = Automatic;
				CURRENT_PROJECT_VERSION = 1;
				DEVELOPMENT_TEAM = XCWM6C339S;
				GENERATE_INFOPLIST_FILE = YES;
				INFOPLIST_FILE = CheckList/Info.plist;
				INFOPLIST_KEY_UIApplicationSupportsIndirectInputEvents = YES;
				INFOPLIST_KEY_UILaunchStoryboardName = LaunchScreen;
				INFOPLIST_KEY_UIMainStoryboardFile = Main;
				INFOPLIST_KEY_UISupportedInterfaceOrientations = UIInterfaceOrientationPortrait;
				INFOPLIST_KEY_UISupportedInterfaceOrientations_iPad = "UIInterfaceOrientationPortrait UIInterfaceOrientationPortraitUpsideDown UIInterfaceOrientationLandscapeLeft UIInterfaceOrientationLandscapeRight";
				INFOPLIST_KEY_UISupportedInterfaceOrientations_iPhone = "UIInterfaceOrientationPortrait UIInterfaceOrientationLandscapeLeft UIInterfaceOrientationLandscapeRight";
				LD_RUNPATH_SEARCH_PATHS = (
					"$(inherited)",
					"@executable_path/Frameworks",
				);
				MARKETING_VERSION = 1.0;
				PRODUCT_BUNDLE_IDENTIFIER = "Shikin-Maxim.CheckList";
				PRODUCT_NAME = "$(TARGET_NAME)";
				SWIFT_EMIT_LOC_STRINGS = YES;
				SWIFT_VERSION = 5.0;
				TARGETED_DEVICE_FAMILY = 1;
			};
			name = Debug;
		};
		F626A7BF295CA83D00F0EC05 /* Release */ = {
			isa = XCBuildConfiguration;
			buildSettings = {
				ASSETCATALOG_COMPILER_APPICON_NAME = AppIcon;
				ASSETCATALOG_COMPILER_GLOBAL_ACCENT_COLOR_NAME = AccentColor;
				CODE_SIGN_STYLE = Automatic;
				CURRENT_PROJECT_VERSION = 1;
				DEVELOPMENT_TEAM = XCWM6C339S;
				GENERATE_INFOPLIST_FILE = YES;
				INFOPLIST_FILE = CheckList/Info.plist;
				INFOPLIST_KEY_UIApplicationSupportsIndirectInputEvents = YES;
				INFOPLIST_KEY_UILaunchStoryboardName = LaunchScreen;
				INFOPLIST_KEY_UIMainStoryboardFile = Main;
				INFOPLIST_KEY_UISupportedInterfaceOrientations = UIInterfaceOrientationPortrait;
				INFOPLIST_KEY_UISupportedInterfaceOrientations_iPad = "UIInterfaceOrientationPortrait UIInterfaceOrientationPortraitUpsideDown UIInterfaceOrientationLandscapeLeft UIInterfaceOrientationLandscapeRight";
				INFOPLIST_KEY_UISupportedInterfaceOrientations_iPhone = "UIInterfaceOrientationPortrait UIInterfaceOrientationLandscapeLeft UIInterfaceOrientationLandscapeRight";
				LD_RUNPATH_SEARCH_PATHS = (
					"$(inherited)",
					"@executable_path/Frameworks",
				);
				MARKETING_VERSION = 1.0;
				PRODUCT_BUNDLE_IDENTIFIER = "Shikin-Maxim.CheckList";
				PRODUCT_NAME = "$(TARGET_NAME)";
				SWIFT_EMIT_LOC_STRINGS = YES;
				SWIFT_VERSION = 5.0;
				TARGETED_DEVICE_FAMILY = 1;
			};
			name = Release;
		};
/* End XCBuildConfiguration section */

/* Begin XCConfigurationList section */
		F626A7A4295CA83400F0EC05 /* Build configuration list for PBXProject "CheckList" */ = {
			isa = XCConfigurationList;
			buildConfigurations = (
				F626A7BB295CA83D00F0EC05 /* Debug */,
				F626A7BC295CA83D00F0EC05 /* Release */,
			);
			defaultConfigurationIsVisible = 0;
			defaultConfigurationName = Release;
		};
		F626A7BD295CA83D00F0EC05 /* Build configuration list for PBXNativeTarget "CheckList" */ = {
			isa = XCConfigurationList;
			buildConfigurations = (
				F626A7BE295CA83D00F0EC05 /* Debug */,
				F626A7BF295CA83D00F0EC05 /* Release */,
			);
			defaultConfigurationIsVisible = 0;
			defaultConfigurationName = Release;
		};
/* End XCConfigurationList section */
	};
	rootObject = F626A7A1295CA83400F0EC05 /* Project object */;
}
